
Microsoft Visual Studio Solution File, Format Version 12.00
# Visual Studio 14
VisualStudioVersion = 14.0.25123.0
MinimumVisualStudioVersion = 10.0.40219.1
Project("{FAE04EC0-301F-11D3-BF4B-00C04F79EFBC}") = "Web_Service.Appliation", "Web_Service.Appliation\Web_Service.Appliation.csproj", "{B5E26F46-CD3F-46FC-ABAE-5E0B64B07566}"
EndProject
Project("{FAE04EC0-301F-11D3-BF4B-00C04F79EFBC}") = "Web_Service.Data", "Web_Service.Data\Web_Service.Data.csproj", "{B327FFD0-6310-4790-87CC-45EAE5D4533E}"
EndProject
Project("{FAE04EC0-301F-11D3-BF4B-00C04F79EFBC}") = "Web_Service.API", "Web_Service.API\Web_Service.API.csproj", "{08F4BDE6-3521-4733-B53F-1A4291F75DD8}"
EndProject
Project("{FAE04EC0-301F-11D3-BF4B-00C04F79EFBC}") = "Web_Service.Tests", "Web_Service.Tests\Web_Service.Tests.csproj", "{67451F0A-ECEE-44B4-A44F-C3C0EEDBF8B6}"
EndProject
Global
	GlobalSection(SolutionConfigurationPlatforms) = preSolution
		Debug|Any CPU = Debug|Any CPU
		Release|Any CPU = Release|Any CPU
	EndGlobalSection
	GlobalSection(ProjectConfigurationPlatforms) = postSolution
		{B5E26F46-CD3F-46FC-ABAE-5E0B64B07566}.Debug|Any CPU.ActiveCfg = Debug|Any CPU
		{B5E26F46-CD3F-46FC-ABAE-5E0B64B07566}.Debug|Any CPU.Build.0 = Debug|Any CPU
		{B5E26F46-CD3F-46FC-ABAE-5E0B64B07566}.Release|Any CPU.ActiveCfg = Release|Any CPU
		{B5E26F46-CD3F-46FC-ABAE-5E0B64B07566}.Release|Any CPU.Build.0 = Release|Any CPU
		{B327FFD0-6310-4790-87CC-45EAE5D4533E}.Debug|Any CPU.ActiveCfg = Debug|Any CPU
		{B327FFD0-6310-4790-87CC-45EAE5D4533E}.Debug|Any CPU.Build.0 = Debug|Any CPU
		{B327FFD0-6310-4790-87CC-45EAE5D4533E}.Release|Any CPU.ActiveCfg = Release|Any CPU
		{B327FFD0-6310-4790-87CC-45EAE5D4533E}.Release|Any CPU.Build.0 = Release|Any CPU
		{08F4BDE6-3521-4733-B53F-1A4291F75DD8}.Debug|Any CPU.ActiveCfg = Debug|Any CPU
		{08F4BDE6-3521-4733-B53F-1A4291F75DD8}.Debug|Any CPU.Build.0 = Debug|Any CPU
		{08F4BDE6-3521-4733-B53F-1A4291F75DD8}.Release|Any CPU.ActiveCfg = Release|Any CPU
		{08F4BDE6-3521-4733-B53F-1A4291F75DD8}.Release|Any CPU.Build.0 = Release|Any CPU
		{67451F0A-ECEE-44B4-A44F-C3C0EEDBF8B6}.Debug|Any CPU.ActiveCfg = Debug|Any CPU
		{67451F0A-ECEE-44B4-A44F-C3C0EEDBF8B6}.Debug|Any CPU.Build.0 = Debug|Any CPU
		{67451F0A-ECEE-44B4-A44F-C3C0EEDBF8B6}.Release|Any CPU.ActiveCfg = Release|Any CPU
		{67451F0A-ECEE-44B4-A44F-C3C0EEDBF8B6}.Release|Any CPU.Build.0 = Release|Any CPU
	EndGlobalSection
	GlobalSection(SolutionProperties) = preSolution
		HideSolutionNode = FALSE
	EndGlobalSection
EndGlobal
